Microsoft Visual Studio Solution File, Format Version 11.00
# Visual Studio 2015
Project("{C6BDE6AD-D9F1-BBD6-A76F-BE79D9C8C858}") = "Gain", "Gain.vcxproj", "{07FEBBED-C4A7-A419-5107-43A334FCA9F2}"
EndProject
Global
	GlobalSection(SolutionConfigurationPlatforms) = preSolution
		Debug|Win32 = Debug|Win32
		Release|Win32 = Release|Win32
	EndGlobalSection
	GlobalSection(ProjectConfigurationPlatforms) = postSolution
		{07FEBBED-C4A7-A419-5107-43A334FCA9F2}.Debug|Win32.ActiveCfg = Debug|Win32
		{07FEBBED-C4A7-A419-5107-43A334FCA9F2}.Debug|Win32.Build.0 = Debug|Win32
		{07FEBBED-C4A7-A419-5107-43A334FCA9F2}.Release|Win32.ActiveCfg = Release|Win32
		{07FEBBED-C4A7-A419-5107-43A334FCA9F2}.Release|Win32.Build.0 = Release|Win32
	EndGlobalSection
	GlobalSection(SolutionProperties) = preSolution
		HideSolutionNode = FALSE
	EndGlobalSection
EndGlobal
